// !$*UTF8*$!
{
	archiveVersion = 1;
	classes = {
	};
	objectVersion = 46;
	objects = {

/* Begin PBXBuildFile section */
		8971BF2B1E6745D300AB3C5B /* main.m in Sources */ = {isa = PBXBuildFile; fileRef = 8971BF2A1E6745D300AB3C5B /* main.m */; };
		8971BF2E1E6745D300AB3C5B /* AppDelegate.m in Sources */ = {isa = PBXBuildFile; fileRef = 8971BF2D1E6745D300AB3C5B /* AppDelegate.m */; };
		8971BF311E6745D300AB3C5B /* ViewController.m in Sources */ = {isa = PBXBuildFile; fileRef = 8971BF301E6745D300AB3C5B /* ViewController.m */; };
		8971BF341E6745D300AB3C5B /* Main.storyboard in Resources */ = {isa = PBXBuildFile; fileRef = 8971BF321E6745D300AB3C5B /* Main.storyboard */; };
		8971BF361E6745D300AB3C5B /* Assets.xcassets in Resources */ = {isa = PBXBuildFile; fileRef = 8971BF351E6745D300AB3C5B /* Assets.xcassets */; };
		8971BF391E6745D300AB3C5B /* LaunchScreen.storyboard in Resources */ = {isa = PBXBuildFile; fileRef = 8971BF371E6745D300AB3C5B /* LaunchScreen.storyboard */; };
		8971BF431E6755B300AB3C5B /* Котик.jpg in Resources */ = {isa = PBXBuildFile; fileRef = 8971BF421E6755B300AB3C5B /* Котик.jpg */; };
/* End PBXBuildFile section */

/* Begin PBXFileReference section */
		8971BF261E6745D300AB3C5B /* HMWRK 2_1.app */ = {isa = PBXFileReference; explicitFileType = wrapper.application; includeInIndex = 0; path = "HMWRK 2_1.app"; sourceTree = BUILT_PRODUCTS_DIR; };
		8971BF2A1E6745D300AB3C5B /* main.m */ = {isa = PBXFileReference; lastKnownFileType = sourcecode.c.objc; path = main.m; sourceTree = "<group>"; };
		8971BF2C1E6745D300AB3C5B /* AppDelegate.h */ = {isa = PBXFileReference; lastKnownFileType = sourcecode.c.h; path = AppDelegate.h; sourceTree = "<group>"; };
		8971BF2D1E6745D300AB3C5B /* AppDelegate.m */ = {isa = PBXFileReference; lastKnownFileType = sourcecode.c.objc; path = AppDelegate.m; sourceTree = "<group>"; };
		8971BF2F1E6745D300AB3C5B /* ViewController.h */ = {isa = PBXFileReference; lastKnownFileType = sourcecode.c.h; path = ViewController.h; sourceTree = "<group>"; };
		8971BF301E6745D300AB3C5B /* ViewController.m */ = {isa = PBXFileReference; lastKnownFileType = sourcecode.c.objc; path = ViewController.m; sourceTree = "<group>"; };
		8971BF331E6745D300AB3C5B /* Base */ = {isa = PBXFileReference; lastKnownFileType = file.storyboard; name = Base; path = Base.lproj/Main.storyboard; sourceTree = "<group>"; };
		8971BF351E6745D300AB3C5B /* Assets.xcassets */ = {isa = PBXFileReference; lastKnownFileType = folder.assetcatalog; path = Assets.xcassets; sourceTree = "<group>"; };
		8971BF381E6745D300AB3C5B /* Base */ = {isa = PBXFileReference; lastKnownFileType = file.storyboard; name = Base; path = Base.lproj/LaunchScreen.storyboard; sourceTree = "<group>"; };
		8971BF3A1E6745D300AB3C5B /* Info.plist */ = {isa = PBXFileReference; lastKnownFileType = text.plist.xml; path = Info.plist; sourceTree = "<group>"; };
		8971BF421E6755B300AB3C5B /* Котик.jpg */ = {isa = PBXFileReference; lastKnownFileType = image.jpeg; path = "Котик.jpg"; sourceTree = SOURCE_ROOT; };
/* End PBXFileReference section */

/* Begin PBXFrameworksBuildPhase section */
		8971BF231E6745D300AB3C5B /* Frameworks */ = {
			isa = PBXFrameworksBuildPhase;
			buildActionMask = 2147483647;
			files = (
			);
			runOnlyForDeploymentPostprocessing = 0;
		};
/* End PBXFrameworksBuildPhase section */

/* Begin PBXGroup section */
		8971BF1D1E6745D300AB3C5B = {
			isa = PBXGroup;
			children = (
				8971BF281E6745D300AB3C5B /* HMWRK 2_1 */,
				8971BF271E6745D300AB3C5B /* Products */,
			);
			sourceTree = "<group>";
		};
		8971BF271E6745D300AB3C5B /* Products */ = {
			isa = PBXGroup;
			children = (
				8971BF261E6745D300AB3C5B /* HMWRK 2_1.app */,
			);
			name = Products;
			sourceTree = "<group>";
		};
		8971BF281E6745D300AB3C5B /* HMWRK 2_1 */ = {
			isa = PBXGroup;
			children = (
				8971BF2C1E6745D300AB3C5B /* AppDelegate.h */,
				8971BF2D1E6745D300AB3C5B /* AppDelegate.m */,
				8971BF2F1E6745D300AB3C5B /* ViewController.h */,
				8971BF301E6745D300AB3C5B /* ViewController.m */,
				8971BF321E6745D300AB3C5B /* Main.storyboard */,
				8971BF351E6745D300AB3C5B /* Assets.xcassets */,
				8971BF371E6745D300AB3C5B /* LaunchScreen.storyboard */,
				8971BF3A1E6745D300AB3C5B /* Info.plist */,
				8971BF291E6745D300AB3C5B /* Supporting Files */,
			);
			path = "HMWRK 2_1";
			sourceTree = "<group>";
		};
		8971BF291E6745D300AB3C5B /* Supporting Files */ = {
			isa = PBXGroup;
			children = (
				8971BF421E6755B300AB3C5B /* Котик.jpg */,
				8971BF2A1E6745D300AB3C5B /* main.m */,
			);
			name = "Supporting Files";
			sourceTree = "<group>";
		};
/* End PBXGroup section */

/* Begin PBXNativeTarget section */
		8971BF251E6745D300AB3C5B /* HMWRK 2_1 */ = {
			isa = PBXNativeTarget;
			buildConfigurationList = 8971BF3D1E6745D300AB3C5B /* Build configuration list for PBXNativeTarget "HMWRK 2_1" */;
			buildPhases = (
				8971BF221E6745D300AB3C5B /* Sources */,
				8971BF231E6745D300AB3C5B /* Frameworks */,
				8971BF241E6745D300AB3C5B /* Resources */,
			);
			buildRules = (
			);
			dependencies = (
			);
			name = "HMWRK 2_1";
			productName = "HMWRK 2_1";
			productReference = 8971BF261E6745D300AB3C5B /* HMWRK 2_1.app */;
			productType = "com.apple.product-type.application";
		};
/* End PBXNativeTarget section */

/* Begin PBXProject section */
		8971BF1E1E6745D300AB3C5B /* Project object */ = {
			isa = PBXProject;
			attributes = {
				LastUpgradeCheck = 0820;
				ORGANIZATIONNAME = Tanechka;
				TargetAttributes = {
					8971BF251E6745D300AB3C5B = {
						CreatedOnToolsVersion = 8.2.1;
						ProvisioningStyle = Automatic;
					};
				};
			};
			buildConfigurationList = 8971BF211E6745D300AB3C5B /* Build configuration list for PBXProject "HMWRK 2_1" */;
			compatibilityVersion = "Xcode 3.2";
			developmentRegion = English;
			hasScannedForEncodings = 0;
			knownRegions = (
				en,
				Base,
			);
			mainGroup = 8971BF1D1E6745D300AB3C5B;
			productRefGroup = 8971BF271E6745D300AB3C5B /* Products */;
			projectDirPath = "";
			projectRoot = "";
			targets = (
				8971BF251E6745D300AB3C5B /* HMWRK 2_1 */,
			);
		};
/* End PBXProject section */

/* Begin PBXResourcesBuildPhase section */
		8971BF241E6745D300AB3C5B /* Resources */ = {
			isa = PBXResourcesBuildPhase;
			buildActionMask = 2147483647;
			files = (
				8971BF431E6755B300AB3C5B /* Котик.jpg in Resources */,
				8971BF391E6745D300AB3C5B /* LaunchScreen.storyboard in Resources */,
				8971BF361E6745D300AB3C5B /* Assets.xcassets in Resources */,
				8971BF341E6745D300AB3C5B /* Main.storyboard in Resources */,
			);
			runOnlyForDeploymentPostprocessing = 0;
		};
/* End PBXResourcesBuildPhase section */

/* Begin PBXSourcesBuildPhase section */
		8971BF221E6745D300AB3C5B /* Sources */ = {
			isa = PBXSourcesBuildPhase;
			buildActionMask = 2147483647;
			files = (
				8971BF311E6745D300AB3C5B /* ViewController.m in Sources */,
				8971BF2E1E6745D300AB3C5B /* AppDelegate.m in Sources */,
				8971BF2B1E6745D300AB3C5B /* main.m in Sources */,
			);
			runOnlyForDeploymentPostprocessing = 0;
		};
/* End PBXSourcesBuildPhase section */

/* Begin PBXVariantGroup section */
		8971BF321E6745D300AB3C5B /* Main.storyboard */ = {
			isa = PBXVariantGroup;
			children = (
				8971BF331E6745D300AB3C5B /* Base */,
			);
			name = Main.storyboard;
			sourceTree = "<group>";
		};
		8971BF371E6745D300AB3C5B /* LaunchScreen.storyboard */ = {
			isa = PBXVariantGroup;
			children = (
				8971BF381E6745D300AB3C5B /* Base */,
			);
			name = LaunchScreen.storyboard;
			sourceTree = "<group>";
		};
/* End PBXVariantGroup section */

/* Begin XCBuildConfiguration section */
		8971BF3B1E6745D300AB3C5B /* Debug */ = {
			isa = XCBuildConfiguration;
			buildSettings = {
				ALWAYS_SEARCH_USER_PATHS = NO;
				CLANG_ANALYZER_NONNULL = YES;
				CLANG_CXX_LANGUAGE_STANDARD = "gnu++0x";
				CLANG_CXX_LIBRARY = "libc++";
				CLANG_ENABLE_MODULES = YES;
				CLANG_ENABLE_OBJC_ARC = YES;
				CLANG_WARN_BOOL_CONVERSION = YES;
				CLANG_WARN_CONSTANT_CONVERSION = YES;
				CLANG_WARN_DIRECT_OBJC_ISA_USAGE = YES_ERROR;
				CLANG_WARN_DOCUMENTATION_COMMENTS = YES;
				CLANG_WARN_EMPTY_BODY = YES;
				CLANG_WARN_ENUM_CONVERSION = YES;
				CLANG_WARN_INFINITE_RECURSION = YES;
				CLANG_WARN_INT_CONVERSION = YES;
				CLANG_WARN_OBJC_ROOT_CLASS = YES_ERROR;
				CLANG_WARN_SUSPICIOUS_MOVE = YES;
				CLANG_WARN_UNREACHABLE_CODE = YES;
				CLANG_WARN__DUPLICATE_METHOD_MATCH = YES;
				"CODE_SIGN_IDENTITY[sdk=iphoneos*]" = "iPhone Developer";
				COPY_PHASE_STRIP = NO;
				DEBUG_INFORMATION_FORMAT = dwarf;
				ENABLE_STRICT_OBJC_MSGSEND = YES;
				ENABLE_TESTABILITY = YES;
				GCC_C_LANGUAGE_STANDARD = gnu99;
				GCC_DYNAMIC_NO_PIC = NO;
				GCC_NO_COMMON_BLOCKS = YES;
				GCC_OPTIMIZATION_LEVEL = 0;
				GCC_PREPROCESSOR_DEFINITIONS = (
					"DEBUG=1",
					"$(inherited)",
				);
				GCC_WARN_64_TO_32_BIT_CONVERSION = YES;
				GCC_WARN_ABOUT_RETURN_TYPE = YES_ERROR;
				GCC_WARN_UNDECLARED_SELECTOR = YES;
				GCC_WARN_UNINITIALIZED_AUTOS = YES_AGGRESSIVE;
				GCC_WARN_UNUSED_FUNCTION = YES;
				GCC_WARN_UNUSED_VARIABLE = YES;
				IPHONEOS_DEPLOYMENT_TARGET = 10.2;
				MTL_ENABLE_DEBUG_INFO = YES;
				ONLY_ACTIVE_ARCH = YES;
				SDKROOT = iphoneos;
				TARGETED_DEVICE_FAMILY = "1,2";
			};
			name = Debug;
		};
		8971BF3C1E6745D300AB3C5B /* Release */ = {
			isa = XCBuildConfiguration;
			buildSettings = {
				ALWAYS_SEARCH_USER_PATHS = NO;
				CLANG_ANALYZER_NONNULL = YES;
				CLANG_CXX_LANGUAGE_STANDARD = "gnu++0x";
				CLANG_CXX_LIBRARY = "libc++";
				CLANG_ENABLE_MODULES = YES;
				CLANG_ENABLE_OBJC_ARC = YES;
				CLANG_WARN_BOOL_CONVERSION = YES;
				CLANG_WARN_CONSTANT_CONVERSION = YES;
				CLANG_WARN_DIRECT_OBJC_ISA_USAGE = YES_ERROR;
				CLANG_WARN_DOCUMENTATION_COMMENTS = YES;
				CLANG_WARN_EMPTY_BODY = YES;
				CLANG_WARN_ENUM_CONVERSION = YES;
				CLANG_WARN_INFINITE_RECURSION = YES;
				CLANG_WARN_INT_CONVERSION = YES;
				CLANG_WARN_OBJC_ROOT_CLASS = YES_ERROR;
				CLANG_WARN_SUSPICIOUS_MOVE = YES;
				CLANG_WARN_UNREACHABLE_CODE = YES;
				CLANG_WARN__DUPLICATE_METHOD_MATCH = YES;
				"CODE_SIGN_IDENTITY[sdk=iphoneos*]" = "iPhone Developer";
				COPY_PHASE_STRIP = NO;
				DEBUG_INFORMATION_FORMAT = "dwarf-with-dsym";
				ENABLE_NS_ASSERTIONS = NO;
				ENABLE_STRICT_OBJC_MSGSEND = YES;
				GCC_C_LANGUAGE_STANDARD = gnu99;
				GCC_NO_COMMON_BLOCKS = YES;
				GCC_WARN_64_TO_32_BIT_CONVERSION = YES;
				GCC_WARN_ABOUT_RETURN_TYPE = YES_ERROR;
				GCC_WARN_UNDECLARED_SELECTOR = YES;
				GCC_WARN_UNINITIALIZED_AUTOS = YES_AGGRESSIVE;
				GCC_WARN_UNUSED_FUNCTION = YES;
				GCC_WARN_UNUSED_VARIABLE = YES;
				IPHONEOS_DEPLOYMENT_TARGET = 10.2;
				MTL_ENABLE_DEBUG_INFO = NO;
				SDKROOT = iphoneos;
				TARGETED_DEVICE_FAMILY = "1,2";
				VALIDATE_PRODUCT = YES;
			};
			name = Release;
		};
		8971BF3E1E6745D300AB3C5B /* Debug */ = {
			isa = XCBuildConfiguration;
			buildSettings = {
				ASSETCATALOG_COMPILER_APPICON_NAME = AppIcon;
				INFOPLIST_FILE = "HMWRK 2_1/Info.plist";
				LD_RUNPATH_SEARCH_PATHS = "$(inherited) @executable_path/Frameworks";
				PRODUCT_BUNDLE_IDENTIFIER = "-2345.HMWRK-2-1";
				PRODUCT_NAME = "$(TARGET_NAME)";
			};
			name = Debug;
		};
		8971BF3F1E6745D300AB3C5B /* Release */ = {
			isa = XCBuildConfiguration;
			buildSettings = {
				ASSETCATALOG_COMPILER_APPICON_NAME = AppIcon;
				INFOPLIST_FILE = "HMWRK 2_1/Info.plist";
				LD_RUNPATH_SEARCH_PATHS = "$(inherited) @executable_path/Frameworks";
				PRODUCT_BUNDLE_IDENTIFIER = "-2345.HMWRK-2-1";
				PRODUCT_NAME = "$(TARGET_NAME)";
			};
			name = Release;
		};
/* End XCBuildConfiguration section */

/* Begin XCConfigurationList section */
		8971BF211E6745D300AB3C5B /* Build configuration list for PBXProject "HMWRK 2_1" */ = {
			isa = XCConfigurationList;
			buildConfigurations = (
				8971BF3B1E6745D300AB3C5B /* Debug */,
				8971BF3C1E6745D300AB3C5B /* Release */,
			);
			defaultConfigurationIsVisible = 0;
			defaultConfigurationName = Release;
		};
		8971BF3D1E6745D300AB3C5B /* Build configuration list for PBXNativeTarget "HMWRK 2_1" */ = {
			isa = XCConfigurationList;
			buildConfigurations = (
				8971BF3E1E6745D300AB3C5B /* Debug */,
				8971BF3F1E6745D300AB3C5B /* Release */,
			);
			defaultConfigurationIsVisible = 0;
		};
/* End XCConfigurationList section */
	};
	rootObject = 8971BF1E1E6745D300AB3C5B /* Project object */;
}
